
Microsoft Visual Studio Solution File, Format Version 12.00
# Visual Studio Version 17
VisualStudioVersion = 17.9.34607.119
MinimumVisualStudioVersion = 10.0.40219.1
Project("{FAE04EC0-301F-11D3-BF4B-00C04F79EFBC}") = "C_Practice_modul_12_part_02_ua", "C_Practice_modul_12_part_02_ua\C_Practice_modul_12_part_02_ua.csproj", "{46D7A4F8-CDDD-4A32-924D-92BB57A1E1C5}"
EndProject
Global
	GlobalSection(SolutionConfigurationPlatforms) = preSolution
		Debug|Any CPU = Debug|Any CPU
		Release|Any CPU = Release|Any CPU
	EndGlobalSection
	GlobalSection(ProjectConfigurationPlatforms) = postSolution
		{46D7A4F8-CDDD-4A32-924D-92BB57A1E1C5}.Debug|Any CPU.ActiveCfg = Debug|Any CPU
		{46D7A4F8-CDDD-4A32-924D-92BB57A1E1C5}.Debug|Any CPU.Build.0 = Debug|Any CPU
		{46D7A4F8-CDDD-4A32-924D-92BB57A1E1C5}.Release|Any CPU.ActiveCfg = Release|Any CPU
		{46D7A4F8-CDDD-4A32-924D-92BB57A1E1C5}.Release|Any CPU.Build.0 = Release|Any CPU
	EndGlobalSection
	GlobalSection(SolutionProperties) = preSolution
		HideSolutionNode = FALSE
	EndGlobalSection
	GlobalSection(ExtensibilityGlobals) = postSolution
		SolutionGuid = {95207449-1B6F-4700-9AF3-097570345B1C}
	EndGlobalSection
EndGlobal
